
Microsoft Visual Studio Solution File, Format Version 12.00
# Visual Studio 15
VisualStudioVersion = 15.0.28307.1259
MinimumVisualStudioVersion = 10.0.40219.1
Project("{FAE04EC0-301F-11D3-BF4B-00C04F79EFBC}") = "InspirationalQuotes", "InspirationalQuotes\InspirationalQuotes.csproj", "{75B277E6-3D9B-4448-A883-37545DFFA65C}"
EndProject
Project("{FAE04EC0-301F-11D3-BF4B-00C04F79EFBC}") = "EnglishByImages", "EnglishByImages\EnglishByImages.csproj", "{FD6D06DB-777A-402E-8126-9C43B61B3235}"
EndProject
Global
	GlobalSection(SolutionConfigurationPlatforms) = preSolution
		Debug|Any CPU = Debug|Any CPU
		Release|Any CPU = Release|Any CPU
	EndGlobalSection
	GlobalSection(ProjectConfigurationPlatforms) = postSolution
		{75B277E6-3D9B-4448-A883-37545DFFA65C}.Debug|Any CPU.ActiveCfg = Debug|Any CPU
		{75B277E6-3D9B-4448-A883-37545DFFA65C}.Debug|Any CPU.Build.0 = Debug|Any CPU
		{75B277E6-3D9B-4448-A883-37545DFFA65C}.Release|Any CPU.ActiveCfg = Release|Any CPU
		{75B277E6-3D9B-4448-A883-37545DFFA65C}.Release|Any CPU.Build.0 = Release|Any CPU
		{FD6D06DB-777A-402E-8126-9C43B61B3235}.Debug|Any CPU.ActiveCfg = Debug|Any CPU
		{FD6D06DB-777A-402E-8126-9C43B61B3235}.Debug|Any CPU.Build.0 = Debug|Any CPU
		{FD6D06DB-777A-402E-8126-9C43B61B3235}.Release|Any CPU.ActiveCfg = Release|Any CPU
		{FD6D06DB-777A-402E-8126-9C43B61B3235}.Release|Any CPU.Build.0 = Release|Any CPU
	EndGlobalSection
	GlobalSection(SolutionProperties) = preSolution
		HideSolutionNode = FALSE
	EndGlobalSection
	GlobalSection(ExtensibilityGlobals) = postSolution
		SolutionGuid = {39DF1A18-4889-4F4F-AF8B-F6D689B47CF2}
	EndGlobalSection
EndGlobal
